
Microsoft Visual Studio Solution File, Format Version 12.00
# Visual Studio Version 16
VisualStudioVersion = 16.0.30309.148
MinimumVisualStudioVersion = 10.0.40219.1
Project("{FAE04EC0-301F-11D3-BF4B-00C04F79EFBC}") = "VideoLibrarian", "VideoLibrarian\VideoLibrarian.csproj", "{F8908930-845A-449E-8FD1-45BDD719BEF8}"
EndProject
Project("{FAE04EC0-301F-11D3-BF4B-00C04F79EFBC}") = "VideoOrganizer", "VideoOrganizer\VideoOrganizer.csproj", "{60E9610F-6AE6-4F4C-BE83-E384DAE454F4}"
EndProject
Global
	GlobalSection(SolutionConfigurationPlatforms) = preSolution
		Debug|Any CPU = Debug|Any CPU
		Designer|Any CPU = Designer|Any CPU
		Release|Any CPU = Release|Any CPU
	EndGlobalSection
	GlobalSection(ProjectConfigurationPlatforms) = postSolution
		{F8908930-845A-449E-8FD1-45BDD719BEF8}.Debug|Any CPU.ActiveCfg = Debug|Any CPU
		{F8908930-845A-449E-8FD1-45BDD719BEF8}.Debug|Any CPU.Build.0 = Debug|Any CPU
		{F8908930-845A-449E-8FD1-45BDD719BEF8}.Designer|Any CPU.ActiveCfg = Designer|Any CPU
		{F8908930-845A-449E-8FD1-45BDD719BEF8}.Designer|Any CPU.Build.0 = Designer|Any CPU
		{F8908930-845A-449E-8FD1-45BDD719BEF8}.Release|Any CPU.ActiveCfg = Release|Any CPU
		{F8908930-845A-449E-8FD1-45BDD719BEF8}.Release|Any CPU.Build.0 = Release|Any CPU
		{60E9610F-6AE6-4F4C-BE83-E384DAE454F4}.Debug|Any CPU.ActiveCfg = Debug|Any CPU
		{60E9610F-6AE6-4F4C-BE83-E384DAE454F4}.Debug|Any CPU.Build.0 = Debug|Any CPU
		{60E9610F-6AE6-4F4C-BE83-E384DAE454F4}.Designer|Any CPU.ActiveCfg = Debug|Any CPU
		{60E9610F-6AE6-4F4C-BE83-E384DAE454F4}.Designer|Any CPU.Build.0 = Debug|Any CPU
		{60E9610F-6AE6-4F4C-BE83-E384DAE454F4}.Release|Any CPU.ActiveCfg = Release|Any CPU
		{60E9610F-6AE6-4F4C-BE83-E384DAE454F4}.Release|Any CPU.Build.0 = Release|Any CPU
	EndGlobalSection
	GlobalSection(SolutionProperties) = preSolution
		HideSolutionNode = FALSE
	EndGlobalSection
	GlobalSection(ExtensibilityGlobals) = postSolution
		SolutionGuid = {7CA26620-4C44-4A04-944E-4A8679467A9E}
	EndGlobalSection
EndGlobal
