
Microsoft Visual Studio Solution File, Format Version 12.00
# Visual Studio Version 16
VisualStudioVersion = 16.0.30309.148
MinimumVisualStudioVersion = 10.0.40219.1
Project("{FAE04EC0-301F-11D3-BF4B-00C04F79EFBC}") = "VideoLibrarian", "VideoLibrarian\VideoLibrarian.csproj", "{F8908930-845A-449E-8FD1-45BDD719BEF8}"
EndProject
Project("{FAE04EC0-301F-11D3-BF4B-00C04F79EFBC}") = "VideoOrganizer", "VideoOrganizer\VideoOrganizer.csproj", "{60E9610F-6AE6-4F4C-BE83-E384DAE454F4}"
EndProject
Project("{2150E333-8FDC-42A3-9474-1A3956D46DE8}") = "Solution Items", "Solution Items", "{40934BD6-A2C4-456A-9285-679EEBA2A013}"
	ProjectSection(SolutionItems) = preProject
		.editorconfig = .editorconfig
		.gitignore = .gitignore
		CHANGELOG.md = CHANGELOG.md
		LICENSE = LICENSE
		Readme.md = Readme.md
	EndProjectSection
EndProject
Project("{FAE04EC0-301F-11D3-BF4B-00C04F79EFBC}") = "VideoValidator", "VideoValidator\VideoValidator.csproj", "{09ED9AC3-27F2-4620-BB23-1241FCAF843C}"
EndProject
Project("{FAE04EC0-301F-11D3-BF4B-00C04F79EFBC}") = "UpdateXml", "UpdateXml\UpdateXml.csproj", "{5EA300D6-40A9-43F8-8FC3-451BECD3AAFD}"
EndProject
Global
	GlobalSection(SolutionConfigurationPlatforms) = preSolution
		Debug|Any CPU = Debug|Any CPU
		Designer|Any CPU = Designer|Any CPU
		Release|Any CPU = Release|Any CPU
	EndGlobalSection
	GlobalSection(ProjectConfigurationPlatforms) = postSolution
		{F8908930-845A-449E-8FD1-45BDD719BEF8}.Debug|Any CPU.ActiveCfg = Debug|Any CPU
		{F8908930-845A-449E-8FD1-45BDD719BEF8}.Debug|Any CPU.Build.0 = Debug|Any CPU
		{F8908930-845A-449E-8FD1-45BDD719BEF8}.Designer|Any CPU.ActiveCfg = Designer|Any CPU
		{F8908930-845A-449E-8FD1-45BDD719BEF8}.Designer|Any CPU.Build.0 = Designer|Any CPU
		{F8908930-845A-449E-8FD1-45BDD719BEF8}.Release|Any CPU.ActiveCfg = Release|Any CPU
		{F8908930-845A-449E-8FD1-45BDD719BEF8}.Release|Any CPU.Build.0 = Release|Any CPU
		{60E9610F-6AE6-4F4C-BE83-E384DAE454F4}.Debug|Any CPU.ActiveCfg = Debug|Any CPU
		{60E9610F-6AE6-4F4C-BE83-E384DAE454F4}.Debug|Any CPU.Build.0 = Debug|Any CPU
		{60E9610F-6AE6-4F4C-BE83-E384DAE454F4}.Designer|Any CPU.ActiveCfg = Debug|Any CPU
		{60E9610F-6AE6-4F4C-BE83-E384DAE454F4}.Designer|Any CPU.Build.0 = Debug|Any CPU
		{60E9610F-6AE6-4F4C-BE83-E384DAE454F4}.Release|Any CPU.ActiveCfg = Release|Any CPU
		{60E9610F-6AE6-4F4C-BE83-E384DAE454F4}.Release|Any CPU.Build.0 = Release|Any CPU
		{09ED9AC3-27F2-4620-BB23-1241FCAF843C}.Debug|Any CPU.ActiveCfg = Debug|Any CPU
		{09ED9AC3-27F2-4620-BB23-1241FCAF843C}.Debug|Any CPU.Build.0 = Debug|Any CPU
		{09ED9AC3-27F2-4620-BB23-1241FCAF843C}.Designer|Any CPU.ActiveCfg = Debug|Any CPU
		{09ED9AC3-27F2-4620-BB23-1241FCAF843C}.Designer|Any CPU.Build.0 = Debug|Any CPU
		{09ED9AC3-27F2-4620-BB23-1241FCAF843C}.Release|Any CPU.ActiveCfg = Release|Any CPU
		{09ED9AC3-27F2-4620-BB23-1241FCAF843C}.Release|Any CPU.Build.0 = Release|Any CPU
		{5EA300D6-40A9-43F8-8FC3-451BECD3AAFD}.Debug|Any CPU.ActiveCfg = Debug|Any CPU
		{5EA300D6-40A9-43F8-8FC3-451BECD3AAFD}.Debug|Any CPU.Build.0 = Debug|Any CPU
		{5EA300D6-40A9-43F8-8FC3-451BECD3AAFD}.Designer|Any CPU.ActiveCfg = Debug|Any CPU
		{5EA300D6-40A9-43F8-8FC3-451BECD3AAFD}.Designer|Any CPU.Build.0 = Debug|Any CPU
		{5EA300D6-40A9-43F8-8FC3-451BECD3AAFD}.Release|Any CPU.ActiveCfg = Release|Any CPU
		{5EA300D6-40A9-43F8-8FC3-451BECD3AAFD}.Release|Any CPU.Build.0 = Release|Any CPU
	EndGlobalSection
	GlobalSection(SolutionProperties) = preSolution
		HideSolutionNode = FALSE
	EndGlobalSection
	GlobalSection(ExtensibilityGlobals) = postSolution
		SolutionGuid = {7CA26620-4C44-4A04-944E-4A8679467A9E}
	EndGlobalSection
EndGlobal
